
Microsoft Visual Studio Solution File, Format Version 12.00
# Visual Studio 14
VisualStudioVersion = 14.0.25420.1
MinimumVisualStudioVersion = 10.0.40219.1
Project("{FAE04EC0-301F-11D3-BF4B-00C04F79EFBC}") = "TwitterBot_Csharp", "TwitterBot_Csharp\TwitterBot_Csharp.csproj", "{833757CB-2479-422C-A568-9EDA225CCC64}"
EndProject
Global
	GlobalSection(SolutionConfigurationPlatforms) = preSolution
		Debug|Any CPU = Debug|Any CPU
		Release|Any CPU = Release|Any CPU
	EndGlobalSection
	GlobalSection(ProjectConfigurationPlatforms) = postSolution
		{833757CB-2479-422C-A568-9EDA225CCC64}.Debug|Any CPU.ActiveCfg = Debug|Any CPU
		{833757CB-2479-422C-A568-9EDA225CCC64}.Debug|Any CPU.Build.0 = Debug|Any CPU
		{833757CB-2479-422C-A568-9EDA225CCC64}.Release|Any CPU.ActiveCfg = Release|Any CPU
		{833757CB-2479-422C-A568-9EDA225CCC64}.Release|Any CPU.Build.0 = Release|Any CPU
	EndGlobalSection
	GlobalSection(SolutionProperties) = preSolution
		HideSolutionNode = FALSE
	EndGlobalSection
EndGlobal
